<?xml version="1.0" encoding="utf-8"?>
<Project ToolsVersion="4.0" xmlns="http://schemas.microsoft.com/developer/msbuild/2003">
  <ItemGroup>
    <Filter Include="Source Files">
      <UniqueIdentifier>{4FC737F1-C7A5-4376-A066-2A32D752A2FF}</UniqueIdentifier>
      <Extensions>cpp;c;cc;cxx;c++;cppm;ixx;def;odl;idl;hpj;bat;asm;asmx</Extensions>
    </Filter>
    <Filter Include="Header Files">
      <UniqueIdentifier>{93995380-89BD-4b04-88EB-625FBE52EBFB}</UniqueIdentifier>
      <Extensions>h;hh;hpp;hxx;h++;hm;inl;inc;ipp;xsd</Extensions>
    </Filter>
    <Filter Include="Resource Files">
      <UniqueIdentifier>{67DA6AB6-F800-4c08-8B7A-83BB121AAD01}</UniqueIdentifier>
      <Extensions>rc;ico;cur;bmp;dlg;rc2;rct;bin;rgs;gif;jpg;jpeg;jpe;resx;tiff;tif;png;wav;mfcribbon-ms</Extensions>
    </Filter>
    <Filter Include="Source Files\lua">
      <UniqueIdentifier>{7ab46cf0-7f82-47d4-9ace-86058259a38f}</UniqueIdentifier>
    </Filter>
    <Filter Include="Header Files\lua">
      <UniqueIdentifier>{6767b7db-07c0-450c-a107-f096467be293}</UniqueIdentifier>
    </Filter>
    <Filter Include="Source Files\imgui">
      <UniqueIdentifier>{5d2d6363-e057-4577-9eb9-52cca069a212}</UniqueIdentifier>
    </Filter>
    <Filter Include="Header Files\imgui">
      <UniqueIdentifier>{055d7011-9dc3-4731-820b-597d36e9a863}</UniqueIdentifier>
    </Filter>
  </ItemGroup>
  <ItemGroup>
    <ClInclude Include="lua-api.h">
      <Filter>Header Files</Filter>
    </ClInclude>
    <ClInclude Include="tci-api.h">
      <Filter>Header Files</Filter>
    </ClInclude>
    <ClInclude Include="dll-lua.h">
      <Filter>Header Files</Filter>
    </ClInclude>
    <ClInclude Include="gui.h">
      <Filter>Header Files</Filter>
    </ClInclude>
    <ClInclude Include="bridge.h">
      <Filter>Header Files</Filter>
    </ClInclude>
    <ClInclude Include="Vector3f.h">
      <Filter>Header Files</Filter>
    </ClInclude>
    <ClInclude Include="lua\lapi.h">
      <Filter>Header Files\lua</Filter>
    </ClInclude>
    <ClInclude Include="lua\lauxlib.h">
      <Filter>Header Files\lua</Filter>
    </ClInclude>
    <ClInclude Include="lua\lcode.h">
      <Filter>Header Files\lua</Filter>
    </ClInclude>
    <ClInclude Include="lua\lctype.h">
      <Filter>Header Files\lua</Filter>
    </ClInclude>
    <ClInclude Include="lua\ldebug.h">
      <Filter>Header Files\lua</Filter>
    </ClInclude>
    <ClInclude Include="lua\ldo.h">
      <Filter>Header Files\lua</Filter>
    </ClInclude>
    <ClInclude Include="lua\lfunc.h">
      <Filter>Header Files\lua</Filter>
    </ClInclude>
    <ClInclude Include="lua\lgc.h">
      <Filter>Header Files\lua</Filter>
    </ClInclude>
    <ClInclude Include="lua\ljumptab.h">
      <Filter>Header Files\lua</Filter>
    </ClInclude>
    <ClInclude Include="lua\llex.h">
      <Filter>Header Files\lua</Filter>
    </ClInclude>
    <ClInclude Include="lua\llimits.h">
      <Filter>Header Files\lua</Filter>
    </ClInclude>
    <ClInclude Include="lua\lmem.h">
      <Filter>Header Files\lua</Filter>
    </ClInclude>
    <ClInclude Include="lua\lobject.h">
      <Filter>Header Files\lua</Filter>
    </ClInclude>
    <ClInclude Include="lua\lopcodes.h">
      <Filter>Header Files\lua</Filter>
    </ClInclude>
    <ClInclude Include="lua\lopnames.h">
      <Filter>Header Files\lua</Filter>
    </ClInclude>
    <ClInclude Include="lua\lparser.h">
      <Filter>Header Files\lua</Filter>
    </ClInclude>
    <ClInclude Include="lua\lprefix.h">
      <Filter>Header Files\lua</Filter>
    </ClInclude>
    <ClInclude Include="lua\lstate.h">
      <Filter>Header Files\lua</Filter>
    </ClInclude>
    <ClInclude Include="lua\lstring.h">
      <Filter>Header Files\lua</Filter>
    </ClInclude>
    <ClInclude Include="lua\ltable.h">
      <Filter>Header Files\lua</Filter>
    </ClInclude>
    <ClInclude Include="lua\ltm.h">
      <Filter>Header Files\lua</Filter>
    </ClInclude>
    <ClInclude Include="lua\lua.h">
      <Filter>Header Files\lua</Filter>
    </ClInclude>
    <ClInclude Include="lua\lua.hpp">
      <Filter>Header Files\lua</Filter>
    </ClInclude>
    <ClInclude Include="lua\luaconf.h">
      <Filter>Header Files\lua</Filter>
    </ClInclude>
    <ClInclude Include="lua\lualib.h">
      <Filter>Header Files\lua</Filter>
    </ClInclude>
    <ClInclude Include="lua\lundump.h">
      <Filter>Header Files\lua</Filter>
    </ClInclude>
    <ClInclude Include="lua\lvm.h">
      <Filter>Header Files\lua</Filter>
    </ClInclude>
    <ClInclude Include="lua\lzio.h">
      <Filter>Header Files\lua</Filter>
    </ClInclude>
    <ClInclude Include="imgui\imconfig.h">
      <Filter>Header Files\imgui</Filter>
    </ClInclude>
    <ClInclude Include="imgui\imgui.h">
      <Filter>Header Files\imgui</Filter>
    </ClInclude>
    <ClInclude Include="imgui\imgui_impl_dx9.h">
      <Filter>Header Files\imgui</Filter>
    </ClInclude>
    <ClInclude Include="imgui\imgui_impl_win32.h">
      <Filter>Header Files\imgui</Filter>
    </ClInclude>
    <ClInclude Include="imgui\imgui_internal.h">
      <Filter>Header Files\imgui</Filter>
    </ClInclude>
    <ClInclude Include="imgui\imstb_rectpack.h">
      <Filter>Header Files\imgui</Filter>
    </ClInclude>
    <ClInclude Include="imgui\imstb_textedit.h">
      <Filter>Header Files\imgui</Filter>
    </ClInclude>
    <ClInclude Include="imgui\imstb_truetype.h">
      <Filter>Header Files\imgui</Filter>
    </ClInclude>
  </ItemGroup>
  <ItemGroup>
    <ClCompile Include="dllmain.cpp">
      <Filter>Source Files</Filter>
    </ClCompile>
    <ClCompile Include="dll-lua.cpp">
      <Filter>Source Files</Filter>
    </ClCompile>
    <ClCompile Include="lua-api.cpp">
      <Filter>Source Files</Filter>
    </ClCompile>
    <ClCompile Include="tci-api.cpp">
      <Filter>Source Files</Filter>
    </ClCompile>
    <ClCompile Include="gui.cpp">
      <Filter>Source Files</Filter>
    </ClCompile>
    <ClCompile Include="lua\lzio.cpp">
      <Filter>Source Files\lua</Filter>
    </ClCompile>
    <ClCompile Include="lua\lvm.cpp">
      <Filter>Source Files\lua</Filter>
    </ClCompile>
    <ClCompile Include="lua\lutf8lib.cpp">
      <Filter>Source Files\lua</Filter>
    </ClCompile>
    <ClCompile Include="lua\lundump.cpp">
      <Filter>Source Files\lua</Filter>
    </ClCompile>
    <ClCompile Include="lua\ltm.cpp">
      <Filter>Source Files\lua</Filter>
    </ClCompile>
    <ClCompile Include="lua\ltablib.cpp">
      <Filter>Source Files\lua</Filter>
    </ClCompile>
    <ClCompile Include="lua\ltable.cpp">
      <Filter>Source Files\lua</Filter>
    </ClCompile>
    <ClCompile Include="lua\lstrlib.cpp">
      <Filter>Source Files\lua</Filter>
    </ClCompile>
    <ClCompile Include="lua\lstring.cpp">
      <Filter>Source Files\lua</Filter>
    </ClCompile>
    <ClCompile Include="lua\lstate.cpp">
      <Filter>Source Files\lua</Filter>
    </ClCompile>
    <ClCompile Include="lua\lparser.cpp">
      <Filter>Source Files\lua</Filter>
    </ClCompile>
    <ClCompile Include="lua\loslib.cpp">
      <Filter>Source Files\lua</Filter>
    </ClCompile>
    <ClCompile Include="lua\lopcodes.cpp">
      <Filter>Source Files\lua</Filter>
    </ClCompile>
    <ClCompile Include="lua\lobject.cpp">
      <Filter>Source Files\lua</Filter>
    </ClCompile>
    <ClCompile Include="lua\loadlib.cpp">
      <Filter>Source Files\lua</Filter>
    </ClCompile>
    <ClCompile Include="lua\lmem.cpp">
      <Filter>Source Files\lua</Filter>
    </ClCompile>
    <ClCompile Include="lua\lmathlib.cpp">
      <Filter>Source Files\lua</Filter>
    </ClCompile>
    <ClCompile Include="lua\llex.cpp">
      <Filter>Source Files\lua</Filter>
    </ClCompile>
    <ClCompile Include="lua\liolib.cpp">
      <Filter>Source Files\lua</Filter>
    </ClCompile>
    <ClCompile Include="lua\linit.cpp">
      <Filter>Source Files\lua</Filter>
    </ClCompile>
    <ClCompile Include="lua\lgc.cpp">
      <Filter>Source Files\lua</Filter>
    </ClCompile>
    <ClCompile Include="lua\lfunc.cpp">
      <Filter>Source Files\lua</Filter>
    </ClCompile>
    <ClCompile Include="lua\ldump.cpp">
      <Filter>Source Files\lua</Filter>
    </ClCompile>
    <ClCompile Include="lua\ldo.cpp">
      <Filter>Source Files\lua</Filter>
    </ClCompile>
    <ClCompile Include="lua\ldebug.cpp">
      <Filter>Source Files\lua</Filter>
    </ClCompile>
    <ClCompile Include="lua\ldblib.cpp">
      <Filter>Source Files\lua</Filter>
    </ClCompile>
    <ClCompile Include="lua\lctype.cpp">
      <Filter>Source Files\lua</Filter>
    </ClCompile>
    <ClCompile Include="lua\lcorolib.cpp">
      <Filter>Source Files\lua</Filter>
    </ClCompile>
    <ClCompile Include="lua\lcode.cpp">
      <Filter>Source Files\lua</Filter>
    </ClCompile>
    <ClCompile Include="lua\lbaselib.cpp">
      <Filter>Source Files\lua</Filter>
    </ClCompile>
    <ClCompile Include="lua\lauxlib.cpp">
      <Filter>Source Files\lua</Filter>
    </ClCompile>
    <ClCompile Include="lua\lapi.cpp">
      <Filter>Source Files\lua</Filter>
    </ClCompile>
    <ClCompile Include="imgui\imgui.cpp">
      <Filter>Source Files\imgui</Filter>
    </ClCompile>
    <ClCompile Include="imgui\imgui_demo.cpp">
      <Filter>Source Files\imgui</Filter>
    </ClCompile>
    <ClCompile Include="imgui\imgui_draw.cpp">
      <Filter>Source Files\imgui</Filter>
    </ClCompile>
    <ClCompile Include="imgui\imgui_impl_dx9.cpp">
      <Filter>Source Files\imgui</Filter>
    </ClCompile>
    <ClCompile Include="imgui\imgui_impl_win32.cpp">
      <Filter>Source Files\imgui</Filter>
    </ClCompile>
    <ClCompile Include="imgui\imgui_tables.cpp">
      <Filter>Source Files\imgui</Filter>
    </ClCompile>
    <ClCompile Include="imgui\imgui_widgets.cpp">
      <Filter>Source Files\imgui</Filter>
    </ClCompile>
    <ClCompile Include="bridge.cpp">
      <Filter>Source Files</Filter>
    </ClCompile>
  </ItemGroup>
</Project>